%{
  "acceptor_pool": {:hex, :acceptor_pool, "1.0.0-rc.0", "679d741df87fc13599b1aef2df8f78f1f880449a6befab7c44fb6fae0e92a2de", [:rebar3], [], "hexpm"},
  "artificery": {:hex, :artificery, "0.2.6", "f602909757263f7897130cbd006b0e40514a541b148d366ad65b89236b93497a", [:mix], [], "hexpm"},
  "bbmustache": {:hex, :bbmustache, "1.6.1", "9fb63fa60bd53afbf47f02e6d8bd6b2beafc068e02e20975254dc7461fd4f397", [:rebar3], [], "hexpm"},
  "distillery": {:hex, :distillery, "2.0.10", "e9f1f1d3f4a89996a3e1a555872feed8a3a73e3d10b51886941382d29ca58f99", [:mix], [{:artificery, "~> 0.2", [hex: :artificery, repo: "hexpm", optional: false]}], "hexpm"},
  "epmd": {:git, "https://github.com/erlang/epmd", "4d1a595b9d5c32fc0e55f462da381de62de23bf0", [ref: "4d1a59"]},
  "gen_flow": {:hex, :gen_flow, "0.0.5", "2ff6abe3ed1c5c9bc41f81bf09364a3f63f96e4d378d45a2a2ddc4fc06f3484a", [:rebar3], [], "hexpm"},
  "goldrush": {:hex, :goldrush, "0.1.9", "f06e5d5f1277da5c413e84d5a2924174182fb108dabb39d5ec548b27424cd106", [:rebar3], [], "hexpm"},
  "grisp": {:hex, :grisp, "1.1.4", "5c22d6f9c0b47a90f132e56ac9d85659b5ac469baf04b4c98ee1e0ef5894319b", [:rebar3], [{:mapz, "0.3.0", [hex: :mapz, repo: "hexpm", optional: false]}], "hexpm"},
  "grisp_tools": {:hex, :grisp_tools, "0.2.4", "a28c4f8fb58edfbdec4c858e8f7970180ab2d9da1304c979af38d87a84521dc3", [:rebar3], [{:bbmustache, "~>1.6.0", [hex: :bbmustache, repo: "hexpm", optional: false]}, {:mapz, "~>0.3.0", [hex: :mapz, repo: "hexpm", optional: false]}], "hexpm"},
  "lager": {:hex, :lager, "3.6.6", "23c8f5abc4189f46804791e16bf6421c14ebc5b529dc113bc54639c6c62f255d", [:rebar3], [{:goldrush, "0.1.9", [hex: :goldrush, repo: "hexpm", optional: false]}], "hexpm"},
  "lasp": {:git, "https://github.com/lasp-lang/lasp.git", "102cb1930c6c38861bcd841008d1a2ee203e56c1", [branch: "master"]},
  "lasp_support": {:hex, :lasp_support, "0.0.3", "c1b7e1a472037ae82c71d2d16a10b7d644a621b66ae5afe834cecf170f2e9169", [:rebar3], [{:lager, "~>3.5", [hex: :lager, repo: "hexpm", optional: false]}, {:time_compat, "~>0.0.1", [hex: :time_compat, repo: "hexpm", optional: false]}], "hexpm"},
  "mapz": {:hex, :mapz, "0.3.0", "438d24746ce5a252101e00b2032efdf7fc69eb32689d3b805de5e6dd7f52614f", [:rebar3], [], "hexpm"},
  "mix_grisp": {:hex, :mix_grisp, "0.1.2", "6e657bf68b24267506dae7322f3d502a8bbce68ac93fbb9163e2f73e16bc806a", [:mix], [{:distillery, "~> 2.0", [hex: :distillery, repo: "hexpm", optional: false]}, {:grisp_tools, "~> 0.2", [hex: :grisp_tools, repo: "hexpm", optional: false]}], "hexpm"},
  "partisan": {:git, "https://github.com/lasp-lang/partisan.git", "2a3b8dc493e94fdffb30762858c71bcb749eeadc", [branch: "master"]},
  "plumtree": {:hex, :plumtree, "0.5.0", "f3521ce631ad22ac00635e79c7f046a163bd1135889cdc1d0b18ab577f76ec70", [:rebar3], [{:lager, "~>3.5", [hex: :lager, repo: "hexpm", optional: false]}, {:lasp_support, "~>0.0", [hex: :lasp_support, repo: "hexpm", optional: false]}, {:partisan, "~>1.2", [hex: :partisan, repo: "hexpm", optional: false]}, {:rand_compat, "~>0.0.3", [hex: :rand_compat, repo: "hexpm", optional: false]}, {:time_compat, "~>0.0.1", [hex: :time_compat, repo: "hexpm", optional: false]}], "hexpm"},
  "quickrand": {:hex, :quickrand, "1.7.4", "f91f34469d6ac153b951bb34dd9c78029882426bd61e12b85e5ee465850c08ed", [:rebar3], [], "hexpm"},
  "rand_compat": {:hex, :rand_compat, "0.0.3", "011646bc1f0b0c432fe101b816f25b9bbb74a085713cee1dafd2d62e9415ead3", [:rebar3], [], "hexpm"},
  "time_compat": {:hex, :time_compat, "0.0.1", "23fe0ad1fdf3b5b88821b2d04b4b5e865bf587ae66056d671fe0f53514ed8139", [:rebar3], [], "hexpm"},
  "types": {:hex, :types, "0.1.8", "5782b67231e8c174fe2835395e71e669fe0121076779d2a09f1c0d58ee0e2f13", [:rebar3], [], "hexpm"},
  "uuid": {:hex, :uuid_erl, "1.7.4", "4ec01367fedfbaeeb9d9bc88b2d239d42ce5b53ad284741262f86b71eb82fbfa", [:rebar3], [{:quickrand, "~> 1.7.4", [hex: :quickrand, repo: "hexpm", optional: false]}], "hexpm"},
}
